// !$*UTF8*$!
{
	archiveVersion = 1;
	classes = {
	};
	objectVersion = 48;
	objects = {

/* Begin PBXBuildFile section */
		95AC036E1FD2163600D7689A /* AppDelegate.swift in Sources */ = {isa = PBXBuildFile; fileRef = 95AC036D1FD2163600D7689A /* AppDelegate.swift */; };
		95AC03701FD2163600D7689A /* ViewController.swift in Sources */ = {isa = PBXBuildFile; fileRef = 95AC036F1FD2163600D7689A /* ViewController.swift */; };
		95AC03731FD2163600D7689A /* Main.storyboard in Resources */ = {isa = PBXBuildFile; fileRef = 95AC03711FD2163600D7689A /* Main.storyboard */; };
		95AC03751FD2163600D7689A /* Assets.xcassets in Resources */ = {isa = PBXBuildFile; fileRef = 95AC03741FD2163600D7689A /* Assets.xcassets */; };
		95AC03781FD2163600D7689A /* LaunchScreen.storyboard in Resources */ = {isa = PBXBuildFile; fileRef = 95AC03761FD2163600D7689A /* LaunchScreen.storyboard */; };
		95AC03831FD2163600D7689A /* __RichTests.swift in Sources */ = {isa = PBXBuildFile; fileRef = 95AC03821FD2163600D7689A /* __RichTests.swift */; };
		95AC038E1FD2163600D7689A /* __RichUITests.swift in Sources */ = {isa = PBXBuildFile; fileRef = 95AC038D1FD2163600D7689A /* __RichUITests.swift */; };
/* End PBXBuildFile section */

/* Begin PBXContainerItemProxy section */
		95AC037F1FD2163600D7689A /* PBXContainerItemProxy */ = {
			isa = PBXContainerItemProxy;
			containerPortal = 95AC03621FD2163600D7689A /* Project object */;
			proxyType = 1;
			remoteGlobalIDString = 95AC03691FD2163600D7689A;
			remoteInfo = "2 Rich";
		};
		95AC038A1FD2163600D7689A /* PBXContainerItemProxy */ = {
			isa = PBXContainerItemProxy;
			containerPortal = 95AC03621FD2163600D7689A /* Project object */;
			proxyType = 1;
			remoteGlobalIDString = 95AC03691FD2163600D7689A;
			remoteInfo = "2 Rich";
		};
/* End PBXContainerItemProxy section */

/* Begin PBXFileReference section */
		95AC036A1FD2163600D7689A /* 2 Rich.app */ = {isa = PBXFileReference; explicitFileType = wrapper.application; includeInIndex = 0; path = "2 Rich.app"; sourceTree = BUILT_PRODUCTS_DIR; };
		95AC036D1FD2163600D7689A /* AppDelegate.swift */ = {isa = PBXFileReference; lastKnownFileType = sourcecode.swift; path = AppDelegate.swift; sourceTree = "<group>"; };
		95AC036F1FD2163600D7689A /* ViewController.swift */ = {isa = PBXFileReference; lastKnownFileType = sourcecode.swift; path = ViewController.swift; sourceTree = "<group>"; };
		95AC03721FD2163600D7689A /* Base */ = {isa = PBXFileReference; lastKnownFileType = file.storyboard; name = Base; path = Base.lproj/Main.storyboard; sourceTree = "<group>"; };
		95AC03741FD2163600D7689A /* Assets.xcassets */ = {isa = PBXFileReference; lastKnownFileType = folder.assetcatalog; path = Assets.xcassets; sourceTree = "<group>"; };
		95AC03771FD2163600D7689A /* Base */ = {isa = PBXFileReference; lastKnownFileType = file.storyboard; name = Base; path = Base.lproj/LaunchScreen.storyboard; sourceTree = "<group>"; };
		95AC03791FD2163600D7689A /* Info.plist */ = {isa = PBXFileReference; lastKnownFileType = text.plist.xml; path = Info.plist; sourceTree = "<group>"; };
		95AC037E1FD2163600D7689A /* 2 RichTests.xctest */ = {isa = PBXFileReference; explicitFileType = wrapper.cfbundle; includeInIndex = 0; path = "2 RichTests.xctest"; sourceTree = BUILT_PRODUCTS_DIR; };
		95AC03821FD2163600D7689A /* __RichTests.swift */ = {isa = PBXFileReference; lastKnownFileType = sourcecode.swift; path = __RichTests.swift; sourceTree = "<group>"; };
		95AC03841FD2163600D7689A /* Info.plist */ = {isa = PBXFileReference; lastKnownFileType = text.plist.xml; path = Info.plist; sourceTree = "<group>"; };
		95AC03891FD2163600D7689A /* 2 RichUITests.xctest */ = {isa = PBXFileReference; explicitFileType = wrapper.cfbundle; includeInIndex = 0; path = "2 RichUITests.xctest"; sourceTree = BUILT_PRODUCTS_DIR; };
		95AC038D1FD2163600D7689A /* __RichUITests.swift */ = {isa = PBXFileReference; lastKnownFileType = sourcecode.swift; path = __RichUITests.swift; sourceTree = "<group>"; };
		95AC038F1FD2163600D7689A /* Info.plist */ = {isa = PBXFileReference; lastKnownFileType = text.plist.xml; path = Info.plist; sourceTree = "<group>"; };
/* End PBXFileReference section */

/* Begin PBXFrameworksBuildPhase section */
		95AC03671FD2163600D7689A /* Frameworks */ = {
			isa = PBXFrameworksBuildPhase;
			buildActionMask = 2147483647;
			files = (
			);
			runOnlyForDeploymentPostprocessing = 0;
		};
		95AC037B1FD2163600D7689A /* Frameworks */ = {
			isa = PBXFrameworksBuildPhase;
			buildActionMask = 2147483647;
			files = (
			);
			runOnlyForDeploymentPostprocessing = 0;
		};
		95AC03861FD2163600D7689A /* Frameworks */ = {
			isa = PBXFrameworksBuildPhase;
			buildActionMask = 2147483647;
			files = (
			);
			runOnlyForDeploymentPostprocessing = 0;
		};
/* End PBXFrameworksBuildPhase section */

/* Begin PBXGroup section */
		95AC03611FD2163600D7689A = {
			isa = PBXGroup;
			children = (
				95AC036C1FD2163600D7689A /* 2 Rich */,
				95AC03811FD2163600D7689A /* 2 RichTests */,
				95AC038C1FD2163600D7689A /* 2 RichUITests */,
				95AC036B1FD2163600D7689A /* Products */,
			);
			sourceTree = "<group>";
		};
		95AC036B1FD2163600D7689A /* Products */ = {
			isa = PBXGroup;
			children = (
				95AC036A1FD2163600D7689A /* 2 Rich.app */,
				95AC037E1FD2163600D7689A /* 2 RichTests.xctest */,
				95AC03891FD2163600D7689A /* 2 RichUITests.xctest */,
			);
			name = Products;
			sourceTree = "<group>";
		};
		95AC036C1FD2163600D7689A /* 2 Rich */ = {
			isa = PBXGroup;
			children = (
				95AC036D1FD2163600D7689A /* AppDelegate.swift */,
				95AC036F1FD2163600D7689A /* ViewController.swift */,
				95AC03711FD2163600D7689A /* Main.storyboard */,
				95AC03741FD2163600D7689A /* Assets.xcassets */,
				95AC03761FD2163600D7689A /* LaunchScreen.storyboard */,
				95AC03791FD2163600D7689A /* Info.plist */,
			);
			path = "2 Rich";
			sourceTree = "<group>";
		};
		95AC03811FD2163600D7689A /* 2 RichTests */ = {
			isa = PBXGroup;
			children = (
				95AC03821FD2163600D7689A /* __RichTests.swift */,
				95AC03841FD2163600D7689A /* Info.plist */,
			);
			path = "2 RichTests";
			sourceTree = "<group>";
		};
		95AC038C1FD2163600D7689A /* 2 RichUITests */ = {
			isa = PBXGroup;
			children = (
				95AC038D1FD2163600D7689A /* __RichUITests.swift */,
				95AC038F1FD2163600D7689A /* Info.plist */,
			);
			path = "2 RichUITests";
			sourceTree = "<group>";
		};
/* End PBXGroup section */

/* Begin PBXNativeTarget section */
		95AC03691FD2163600D7689A /* 2 Rich */ = {
			isa = PBXNativeTarget;
			buildConfigurationList = 95AC03921FD2163600D7689A /* Build configuration list for PBXNativeTarget "2 Rich" */;
			buildPhases = (
				95AC03661FD2163600D7689A /* Sources */,
				95AC03671FD2163600D7689A /* Frameworks */,
				95AC03681FD2163600D7689A /* Resources */,
			);
			buildRules = (
			);
			dependencies = (
			);
			name = "2 Rich";
			productName = "2 Rich";
			productReference = 95AC036A1FD2163600D7689A /* 2 Rich.app */;
			productType = "com.apple.product-type.application";
		};
		95AC037D1FD2163600D7689A /* 2 RichTests */ = {
			isa = PBXNativeTarget;
			buildConfigurationList = 95AC03951FD2163600D7689A /* Build configuration list for PBXNativeTarget "2 RichTests" */;
			buildPhases = (
				95AC037A1FD2163600D7689A /* Sources */,
				95AC037B1FD2163600D7689A /* Frameworks */,
				95AC037C1FD2163600D7689A /* Resources */,
			);
			buildRules = (
			);
			dependencies = (
				95AC03801FD2163600D7689A /* PBXTargetDependency */,
			);
			name = "2 RichTests";
			productName = "2 RichTests";
			productReference = 95AC037E1FD2163600D7689A /* 2 RichTests.xctest */;
			productType = "com.apple.product-type.bundle.unit-test";
		};
		95AC03881FD2163600D7689A /* 2 RichUITests */ = {
			isa = PBXNativeTarget;
			buildConfigurationList = 95AC03981FD2163600D7689A /* Build configuration list for PBXNativeTarget "2 RichUITests" */;
			buildPhases = (
				95AC03851FD2163600D7689A /* Sources */,
				95AC03861FD2163600D7689A /* Frameworks */,
				95AC03871FD2163600D7689A /* Resources */,
			);
			buildRules = (
			);
			dependencies = (
				95AC038B1FD2163600D7689A /* PBXTargetDependency */,
			);
			name = "2 RichUITests";
			productName = "2 RichUITests";
			productReference = 95AC03891FD2163600D7689A /* 2 RichUITests.xctest */;
			productType = "com.apple.product-type.bundle.ui-testing";
		};
/* End PBXNativeTarget section */

/* Begin PBXProject section */
		95AC03621FD2163600D7689A /* Project object */ = {
			isa = PBXProject;
			attributes = {
				LastSwiftUpdateCheck = 0910;
				LastUpgradeCheck = 0910;
				ORGANIZATIONNAME = "julie kim";
				TargetAttributes = {
					95AC03691FD2163600D7689A = {
						CreatedOnToolsVersion = 9.1;
						ProvisioningStyle = Automatic;
					};
					95AC037D1FD2163600D7689A = {
						CreatedOnToolsVersion = 9.1;
						ProvisioningStyle = Automatic;
						TestTargetID = 95AC03691FD2163600D7689A;
					};
					95AC03881FD2163600D7689A = {
						CreatedOnToolsVersion = 9.1;
						ProvisioningStyle = Automatic;
						TestTargetID = 95AC03691FD2163600D7689A;
					};
				};
			};
			buildConfigurationList = 95AC03651FD2163600D7689A /* Build configuration list for PBXProject "2 Rich" */;
			compatibilityVersion = "Xcode 8.0";
			developmentRegion = en;
			hasScannedForEncodings = 0;
			knownRegions = (
				en,
				Base,
			);
			mainGroup = 95AC03611FD2163600D7689A;
			productRefGroup = 95AC036B1FD2163600D7689A /* Products */;
			projectDirPath = "";
			projectRoot = "";
			targets = (
				95AC03691FD2163600D7689A /* 2 Rich */,
				95AC037D1FD2163600D7689A /* 2 RichTests */,
				95AC03881FD2163600D7689A /* 2 RichUITests */,
			);
		};
/* End PBXProject section */

/* Begin PBXResourcesBuildPhase section */
		95AC03681FD2163600D7689A /* Resources */ = {
			isa = PBXResourcesBuildPhase;
			buildActionMask = 2147483647;
			files = (
				95AC03781FD2163600D7689A /* LaunchScreen.storyboard in Resources */,
				95AC03751FD2163600D7689A /* Assets.xcassets in Resources */,
				95AC03731FD2163600D7689A /* Main.storyboard in Resources */,
			);
			runOnlyForDeploymentPostprocessing = 0;
		};
		95AC037C1FD2163600D7689A /* Resources */ = {
			isa = PBXResourcesBuildPhase;
			buildActionMask = 2147483647;
			files = (
			);
			runOnlyForDeploymentPostprocessing = 0;
		};
		95AC03871FD2163600D7689A /* Resources */ = {
			isa = PBXResourcesBuildPhase;
			buildActionMask = 2147483647;
			files = (
			);
			runOnlyForDeploymentPostprocessing = 0;
		};
/* End PBXResourcesBuildPhase section */

/* Begin PBXSourcesBuildPhase section */
		95AC03661FD2163600D7689A /* Sources */ = {
			isa = PBXSourcesBuildPhase;
			buildActionMask = 2147483647;
			files = (
				95AC03701FD2163600D7689A /* ViewController.swift in Sources */,
				95AC036E1FD2163600D7689A /* AppDelegate.swift in Sources */,
			);
			runOnlyForDeploymentPostprocessing = 0;
		};
		95AC037A1FD2163600D7689A /* Sources */ = {
			isa = PBXSourcesBuildPhase;
			buildActionMask = 2147483647;
			files = (
				95AC03831FD2163600D7689A /* __RichTests.swift in Sources */,
			);
			runOnlyForDeploymentPostprocessing = 0;
		};
		95AC03851FD2163600D7689A /* Sources */ = {
			isa = PBXSourcesBuildPhase;
			buildActionMask = 2147483647;
			files = (
				95AC038E1FD2163600D7689A /* __RichUITests.swift in Sources */,
			);
			runOnlyForDeploymentPostprocessing = 0;
		};
/* End PBXSourcesBuildPhase section */

/* Begin PBXTargetDependency section */
		95AC03801FD2163600D7689A /* PBXTargetDependency */ = {
			isa = PBXTargetDependency;
			target = 95AC03691FD2163600D7689A /* 2 Rich */;
			targetProxy = 95AC037F1FD2163600D7689A /* PBXContainerItemProxy */;
		};
		95AC038B1FD2163600D7689A /* PBXTargetDependency */ = {
			isa = PBXTargetDependency;
			target = 95AC03691FD2163600D7689A /* 2 Rich */;
			targetProxy = 95AC038A1FD2163600D7689A /* PBXContainerItemProxy */;
		};
/* End PBXTargetDependency section */

/* Begin PBXVariantGroup section */
		95AC03711FD2163600D7689A /* Main.storyboard */ = {
			isa = PBXVariantGroup;
			children = (
				95AC03721FD2163600D7689A /* Base */,
			);
			name = Main.storyboard;
			sourceTree = "<group>";
		};
		95AC03761FD2163600D7689A /* LaunchScreen.storyboard */ = {
			isa = PBXVariantGroup;
			children = (
				95AC03771FD2163600D7689A /* Base */,
			);
			name = LaunchScreen.storyboard;
			sourceTree = "<group>";
		};
/* End PBXVariantGroup section */

/* Begin XCBuildConfiguration section */
		95AC03901FD2163600D7689A /* Debug */ = {
			isa = XCBuildConfiguration;
			buildSettings = {
				ALWAYS_SEARCH_USER_PATHS = NO;
				CLANG_ANALYZER_NONNULL = YES;
				CLANG_ANALYZER_NUMBER_OBJECT_CONVERSION = YES_AGGRESSIVE;
				CLANG_CXX_LANGUAGE_STANDARD = "gnu++14";
				CLANG_CXX_LIBRARY = "libc++";
				CLANG_ENABLE_MODULES = YES;
				CLANG_ENABLE_OBJC_ARC = YES;
				CLANG_WARN_BLOCK_CAPTURE_AUTORELEASING = YES;
				CLANG_WARN_BOOL_CONVERSION = YES;
				CLANG_WARN_COMMA = YES;
				CLANG_WARN_CONSTANT_CONVERSION = YES;
				CLANG_WARN_DIRECT_OBJC_ISA_USAGE = YES_ERROR;
				CLANG_WARN_DOCUMENTATION_COMMENTS = YES;
				CLANG_WARN_EMPTY_BODY = YES;
				CLANG_WARN_ENUM_CONVERSION = YES;
				CLANG_WARN_INFINITE_RECURSION = YES;
				CLANG_WARN_INT_CONVERSION = YES;
				CLANG_WARN_NON_LITERAL_NULL_CONVERSION = YES;
				CLANG_WARN_OBJC_LITERAL_CONVERSION = YES;
				CLANG_WARN_OBJC_ROOT_CLASS = YES_ERROR;
				CLANG_WARN_RANGE_LOOP_ANALYSIS = YES;
				CLANG_WARN_STRICT_PROTOTYPES = YES;
				CLANG_WARN_SUSPICIOUS_MOVE = YES;
				CLANG_WARN_UNGUARDED_AVAILABILITY = YES_AGGRESSIVE;
				CLANG_WARN_UNREACHABLE_CODE = YES;
				CLANG_WARN__DUPLICATE_METHOD_MATCH = YES;
				CODE_SIGN_IDENTITY = "iPhone Developer";
				COPY_PHASE_STRIP = NO;
				DEBUG_INFORMATION_FORMAT = dwarf;
				ENABLE_STRICT_OBJC_MSGSEND = YES;
				ENABLE_TESTABILITY = YES;
				GCC_C_LANGUAGE_STANDARD = gnu11;
				GCC_DYNAMIC_NO_PIC = NO;
				GCC_NO_COMMON_BLOCKS = YES;
				GCC_OPTIMIZATION_LEVEL = 0;
				GCC_PREPROCESSOR_DEFINITIONS = (
					"DEBUG=1",
					"$(inherited)",
				);
				GCC_WARN_64_TO_32_BIT_CONVERSION = YES;
				GCC_WARN_ABOUT_RETURN_TYPE = YES_ERROR;
				GCC_WARN_UNDECLARED_SELECTOR = YES;
				GCC_WARN_UNINITIALIZED_AUTOS = YES_AGGRESSIVE;
				GCC_WARN_UNUSED_FUNCTION = YES;
				GCC_WARN_UNUSED_VARIABLE = YES;
				IPHONEOS_DEPLOYMENT_TARGET = 11.1;
				MTL_ENABLE_DEBUG_INFO = YES;
				ONLY_ACTIVE_ARCH = YES;
				SDKROOT = iphoneos;
				SWIFT_ACTIVE_COMPILATION_CONDITIONS = DEBUG;
				SWIFT_OPTIMIZATION_LEVEL = "-Onone";
			};
			name = Debug;
		};
		95AC03911FD2163600D7689A /* Release */ = {
			isa = XCBuildConfiguration;
			buildSettings = {
				ALWAYS_SEARCH_USER_PATHS = NO;
				CLANG_ANALYZER_NONNULL = YES;
				CLANG_ANALYZER_NUMBER_OBJECT_CONVERSION = YES_AGGRESSIVE;
				CLANG_CXX_LANGUAGE_STANDARD = "gnu++14";
				CLANG_CXX_LIBRARY = "libc++";
				CLANG_ENABLE_MODULES = YES;
				CLANG_ENABLE_OBJC_ARC = YES;
				CLANG_WARN_BLOCK_CAPTURE_AUTORELEASING = YES;
				CLANG_WARN_BOOL_CONVERSION = YES;
				CLANG_WARN_COMMA = YES;
				CLANG_WARN_CONSTANT_CONVERSION = YES;
				CLANG_WARN_DIRECT_OBJC_ISA_USAGE = YES_ERROR;
				CLANG_WARN_DOCUMENTATION_COMMENTS = YES;
				CLANG_WARN_EMPTY_BODY = YES;
				CLANG_WARN_ENUM_CONVERSION = YES;
				CLANG_WARN_INFINITE_RECURSION = YES;
				CLANG_WARN_INT_CONVERSION = YES;
				CLANG_WARN_NON_LITERAL_NULL_CONVERSION = YES;
				CLANG_WARN_OBJC_LITERAL_CONVERSION = YES;
				CLANG_WARN_OBJC_ROOT_CLASS = YES_ERROR;
				CLANG_WARN_RANGE_LOOP_ANALYSIS = YES;
				CLANG_WARN_STRICT_PROTOTYPES = YES;
				CLANG_WARN_SUSPICIOUS_MOVE = YES;
				CLANG_WARN_UNGUARDED_AVAILABILITY = YES_AGGRESSIVE;
				CLANG_WARN_UNREACHABLE_CODE = YES;
				CLANG_WARN__DUPLICATE_METHOD_MATCH = YES;
				CODE_SIGN_IDENTITY = "iPhone Developer";
				COPY_PHASE_STRIP = NO;
				DEBUG_INFORMATION_FORMAT = "dwarf-with-dsym";
				ENABLE_NS_ASSERTIONS = NO;
				ENABLE_STRICT_OBJC_MSGSEND = YES;
				GCC_C_LANGUAGE_STANDARD = gnu11;
				GCC_NO_COMMON_BLOCKS = YES;
				GCC_WARN_64_TO_32_BIT_CONVERSION = YES;
				GCC_WARN_ABOUT_RETURN_TYPE = YES_ERROR;
				GCC_WARN_UNDECLARED_SELECTOR = YES;
				GCC_WARN_UNINITIALIZED_AUTOS = YES_AGGRESSIVE;
				GCC_WARN_UNUSED_FUNCTION = YES;
				GCC_WARN_UNUSED_VARIABLE = YES;
				IPHONEOS_DEPLOYMENT_TARGET = 11.1;
				MTL_ENABLE_DEBUG_INFO = NO;
				SDKROOT = iphoneos;
				SWIFT_OPTIMIZATION_LEVEL = "-Owholemodule";
				VALIDATE_PRODUCT = YES;
			};
			name = Release;
		};
		95AC03931FD2163600D7689A /* Debug */ = {
			isa = XCBuildConfiguration;
			buildSettings = {
				ASSETCATALOG_COMPILER_APPICON_NAME = AppIcon;
				CODE_SIGN_STYLE = Automatic;
				DEVELOPMENT_TEAM = 7XE3J4SBAB;
				INFOPLIST_FILE = "2 Rich/Info.plist";
				LD_RUNPATH_SEARCH_PATHS = "$(inherited) @executable_path/Frameworks";
				PRODUCT_BUNDLE_IDENTIFIER = "jk.--Rich";
				PRODUCT_NAME = "$(TARGET_NAME)";
				SWIFT_VERSION = 4.0;
				TARGETED_DEVICE_FAMILY = "1,2";
			};
			name = Debug;
		};
		95AC03941FD2163600D7689A /* Release */ = {
			isa = XCBuildConfiguration;
			buildSettings = {
				ASSETCATALOG_COMPILER_APPICON_NAME = AppIcon;
				CODE_SIGN_STYLE = Automatic;
				DEVELOPMENT_TEAM = 7XE3J4SBAB;
				INFOPLIST_FILE = "2 Rich/Info.plist";
				LD_RUNPATH_SEARCH_PATHS = "$(inherited) @executable_path/Frameworks";
				PRODUCT_BUNDLE_IDENTIFIER = "jk.--Rich";
				PRODUCT_NAME = "$(TARGET_NAME)";
				SWIFT_VERSION = 4.0;
				TARGETED_DEVICE_FAMILY = "1,2";
			};
			name = Release;
		};
		95AC03961FD2163600D7689A /* Debug */ = {
			isa = XCBuildConfiguration;
			buildSettings = {
				ALWAYS_EMBED_SWIFT_STANDARD_LIBRARIES = YES;
				BUNDLE_LOADER = "$(TEST_HOST)";
				CODE_SIGN_STYLE = Automatic;
				DEVELOPMENT_TEAM = 7XE3J4SBAB;
				INFOPLIST_FILE = "2 RichTests/Info.plist";
				LD_RUNPATH_SEARCH_PATHS = "$(inherited) @executable_path/Frameworks @loader_path/Frameworks";
				PRODUCT_BUNDLE_IDENTIFIER = "jk.--RichTests";
				PRODUCT_NAME = "$(TARGET_NAME)";
				SWIFT_VERSION = 4.0;
				TARGETED_DEVICE_FAMILY = "1,2";
				TEST_HOST = "$(BUILT_PRODUCTS_DIR)/2 Rich.app/2 Rich";
			};
			name = Debug;
		};
		95AC03971FD2163600D7689A /* Release */ = {
			isa = XCBuildConfiguration;
			buildSettings = {
				ALWAYS_EMBED_SWIFT_STANDARD_LIBRARIES = YES;
				BUNDLE_LOADER = "$(TEST_HOST)";
				CODE_SIGN_STYLE = Automatic;
				DEVELOPMENT_TEAM = 7XE3J4SBAB;
				INFOPLIST_FILE = "2 RichTests/Info.plist";
				LD_RUNPATH_SEARCH_PATHS = "$(inherited) @executable_path/Frameworks @loader_path/Frameworks";
				PRODUCT_BUNDLE_IDENTIFIER = "jk.--RichTests";
				PRODUCT_NAME = "$(TARGET_NAME)";
				SWIFT_VERSION = 4.0;
				TARGETED_DEVICE_FAMILY = "1,2";
				TEST_HOST = "$(BUILT_PRODUCTS_DIR)/2 Rich.app/2 Rich";
			};
			name = Release;
		};
		95AC03991FD2163600D7689A /* Debug */ = {
			isa = XCBuildConfiguration;
			buildSettings = {
				ALWAYS_EMBED_SWIFT_STANDARD_LIBRARIES = YES;
				CODE_SIGN_STYLE = Automatic;
				DEVELOPMENT_TEAM = 7XE3J4SBAB;
				INFOPLIST_FILE = "2 RichUITests/Info.plist";
				LD_RUNPATH_SEARCH_PATHS = "$(inherited) @executable_path/Frameworks @loader_path/Frameworks";
				PRODUCT_BUNDLE_IDENTIFIER = "jk.--RichUITests";
				PRODUCT_NAME = "$(TARGET_NAME)";
				SWIFT_VERSION = 4.0;
				TARGETED_DEVICE_FAMILY = "1,2";
				TEST_TARGET_NAME = "2 Rich";
			};
			name = Debug;
		};
		95AC039A1FD2163600D7689A /* Release */ = {
			isa = XCBuildConfiguration;
			buildSettings = {
				ALWAYS_EMBED_SWIFT_STANDARD_LIBRARIES = YES;
				CODE_SIGN_STYLE = Automatic;
				DEVELOPMENT_TEAM = 7XE3J4SBAB;
				INFOPLIST_FILE = "2 RichUITests/Info.plist";
				LD_RUNPATH_SEARCH_PATHS = "$(inherited) @executable_path/Frameworks @loader_path/Frameworks";
				PRODUCT_BUNDLE_IDENTIFIER = "jk.--RichUITests";
				PRODUCT_NAME = "$(TARGET_NAME)";
				SWIFT_VERSION = 4.0;
				TARGETED_DEVICE_FAMILY = "1,2";
				TEST_TARGET_NAME = "2 Rich";
			};
			name = Release;
		};
/* End XCBuildConfiguration section */

/* Begin XCConfigurationList section */
		95AC03651FD2163600D7689A /* Build configuration list for PBXProject "2 Rich" */ = {
			isa = XCConfigurationList;
			buildConfigurations = (
				95AC03901FD2163600D7689A /* Debug */,
				95AC03911FD2163600D7689A /* Release */,
			);
			defaultConfigurationIsVisible = 0;
			defaultConfigurationName = Release;
		};
		95AC03921FD2163600D7689A /* Build configuration list for PBXNativeTarget "2 Rich" */ = {
			isa = XCConfigurationList;
			buildConfigurations = (
				95AC03931FD2163600D7689A /* Debug */,
				95AC03941FD2163600D7689A /* Release */,
			);
			defaultConfigurationIsVisible = 0;
			defaultConfigurationName = Release;
		};
		95AC03951FD2163600D7689A /* Build configuration list for PBXNativeTarget "2 RichTests" */ = {
			isa = XCConfigurationList;
			buildConfigurations = (
				95AC03961FD2163600D7689A /* Debug */,
				95AC03971FD2163600D7689A /* Release */,
			);
			defaultConfigurationIsVisible = 0;
			defaultConfigurationName = Release;
		};
		95AC03981FD2163600D7689A /* Build configuration list for PBXNativeTarget "2 RichUITests" */ = {
			isa = XCConfigurationList;
			buildConfigurations = (
				95AC03991FD2163600D7689A /* Debug */,
				95AC039A1FD2163600D7689A /* Release */,
			);
			defaultConfigurationIsVisible = 0;
			defaultConfigurationName = Release;
		};
/* End XCConfigurationList section */
	};
	rootObject = 95AC03621FD2163600D7689A /* Project object */;
}
