// !$*UTF8*$!
{
	archiveVersion = 1;
	classes = {
	};
	objectVersion = 48;
	objects = {

/* Begin PBXBuildFile section */
		95DC79B61FE0A2720062676F /* AppDelegate.swift in Sources */ = {isa = PBXBuildFile; fileRef = 95DC79B51FE0A2720062676F /* AppDelegate.swift */; };
		95DC79B81FE0A2720062676F /* ViewController.swift in Sources */ = {isa = PBXBuildFile; fileRef = 95DC79B71FE0A2720062676F /* ViewController.swift */; };
		95DC79BB1FE0A2720062676F /* Main.storyboard in Resources */ = {isa = PBXBuildFile; fileRef = 95DC79B91FE0A2720062676F /* Main.storyboard */; };
		95DC79BD1FE0A2720062676F /* Assets.xcassets in Resources */ = {isa = PBXBuildFile; fileRef = 95DC79BC1FE0A2720062676F /* Assets.xcassets */; };
		95DC79C01FE0A2720062676F /* LaunchScreen.storyboard in Resources */ = {isa = PBXBuildFile; fileRef = 95DC79BE1FE0A2720062676F /* LaunchScreen.storyboard */; };
		95DC79CB1FE0A2730062676F /* DiceTests.swift in Sources */ = {isa = PBXBuildFile; fileRef = 95DC79CA1FE0A2730062676F /* DiceTests.swift */; };
		95DC79D61FE0A2730062676F /* DiceUITests.swift in Sources */ = {isa = PBXBuildFile; fileRef = 95DC79D51FE0A2730062676F /* DiceUITests.swift */; };
/* End PBXBuildFile section */

/* Begin PBXContainerItemProxy section */
		95DC79C71FE0A2730062676F /* PBXContainerItemProxy */ = {
			isa = PBXContainerItemProxy;
			containerPortal = 95DC79AA1FE0A2720062676F /* Project object */;
			proxyType = 1;
			remoteGlobalIDString = 95DC79B11FE0A2720062676F;
			remoteInfo = Dice;
		};
		95DC79D21FE0A2730062676F /* PBXContainerItemProxy */ = {
			isa = PBXContainerItemProxy;
			containerPortal = 95DC79AA1FE0A2720062676F /* Project object */;
			proxyType = 1;
			remoteGlobalIDString = 95DC79B11FE0A2720062676F;
			remoteInfo = Dice;
		};
/* End PBXContainerItemProxy section */

/* Begin PBXFileReference section */
		95DC79B21FE0A2720062676F /* Dice.app */ = {isa = PBXFileReference; explicitFileType = wrapper.application; includeInIndex = 0; path = Dice.app; sourceTree = BUILT_PRODUCTS_DIR; };
		95DC79B51FE0A2720062676F /* AppDelegate.swift */ = {isa = PBXFileReference; lastKnownFileType = sourcecode.swift; path = AppDelegate.swift; sourceTree = "<group>"; };
		95DC79B71FE0A2720062676F /* ViewController.swift */ = {isa = PBXFileReference; lastKnownFileType = sourcecode.swift; path = ViewController.swift; sourceTree = "<group>"; };
		95DC79BA1FE0A2720062676F /* Base */ = {isa = PBXFileReference; lastKnownFileType = file.storyboard; name = Base; path = Base.lproj/Main.storyboard; sourceTree = "<group>"; };
		95DC79BC1FE0A2720062676F /* Assets.xcassets */ = {isa = PBXFileReference; lastKnownFileType = folder.assetcatalog; path = Assets.xcassets; sourceTree = "<group>"; };
		95DC79BF1FE0A2720062676F /* Base */ = {isa = PBXFileReference; lastKnownFileType = file.storyboard; name = Base; path = Base.lproj/LaunchScreen.storyboard; sourceTree = "<group>"; };
		95DC79C11FE0A2720062676F /* Info.plist */ = {isa = PBXFileReference; lastKnownFileType = text.plist.xml; path = Info.plist; sourceTree = "<group>"; };
		95DC79C61FE0A2730062676F /* DiceTests.xctest */ = {isa = PBXFileReference; explicitFileType = wrapper.cfbundle; includeInIndex = 0; path = DiceTests.xctest; sourceTree = BUILT_PRODUCTS_DIR; };
		95DC79CA1FE0A2730062676F /* DiceTests.swift */ = {isa = PBXFileReference; lastKnownFileType = sourcecode.swift; path = DiceTests.swift; sourceTree = "<group>"; };
		95DC79CC1FE0A2730062676F /* Info.plist */ = {isa = PBXFileReference; lastKnownFileType = text.plist.xml; path = Info.plist; sourceTree = "<group>"; };
		95DC79D11FE0A2730062676F /* DiceUITests.xctest */ = {isa = PBXFileReference; explicitFileType = wrapper.cfbundle; includeInIndex = 0; path = DiceUITests.xctest; sourceTree = BUILT_PRODUCTS_DIR; };
		95DC79D51FE0A2730062676F /* DiceUITests.swift */ = {isa = PBXFileReference; lastKnownFileType = sourcecode.swift; path = DiceUITests.swift; sourceTree = "<group>"; };
		95DC79D71FE0A2730062676F /* Info.plist */ = {isa = PBXFileReference; lastKnownFileType = text.plist.xml; path = Info.plist; sourceTree = "<group>"; };
/* End PBXFileReference section */

/* Begin PBXFrameworksBuildPhase section */
		95DC79AF1FE0A2720062676F /* Frameworks */ = {
			isa = PBXFrameworksBuildPhase;
			buildActionMask = 2147483647;
			files = (
			);
			runOnlyForDeploymentPostprocessing = 0;
		};
		95DC79C31FE0A2730062676F /* Frameworks */ = {
			isa = PBXFrameworksBuildPhase;
			buildActionMask = 2147483647;
			files = (
			);
			runOnlyForDeploymentPostprocessing = 0;
		};
		95DC79CE1FE0A2730062676F /* Frameworks */ = {
			isa = PBXFrameworksBuildPhase;
			buildActionMask = 2147483647;
			files = (
			);
			runOnlyForDeploymentPostprocessing = 0;
		};
/* End PBXFrameworksBuildPhase section */

/* Begin PBXGroup section */
		95DC79A91FE0A2720062676F = {
			isa = PBXGroup;
			children = (
				95DC79B41FE0A2720062676F /* Dice */,
				95DC79C91FE0A2730062676F /* DiceTests */,
				95DC79D41FE0A2730062676F /* DiceUITests */,
				95DC79B31FE0A2720062676F /* Products */,
			);
			sourceTree = "<group>";
		};
		95DC79B31FE0A2720062676F /* Products */ = {
			isa = PBXGroup;
			children = (
				95DC79B21FE0A2720062676F /* Dice.app */,
				95DC79C61FE0A2730062676F /* DiceTests.xctest */,
				95DC79D11FE0A2730062676F /* DiceUITests.xctest */,
			);
			name = Products;
			sourceTree = "<group>";
		};
		95DC79B41FE0A2720062676F /* Dice */ = {
			isa = PBXGroup;
			children = (
				95DC79B51FE0A2720062676F /* AppDelegate.swift */,
				95DC79B71FE0A2720062676F /* ViewController.swift */,
				95DC79B91FE0A2720062676F /* Main.storyboard */,
				95DC79BC1FE0A2720062676F /* Assets.xcassets */,
				95DC79BE1FE0A2720062676F /* LaunchScreen.storyboard */,
				95DC79C11FE0A2720062676F /* Info.plist */,
			);
			path = Dice;
			sourceTree = "<group>";
		};
		95DC79C91FE0A2730062676F /* DiceTests */ = {
			isa = PBXGroup;
			children = (
				95DC79CA1FE0A2730062676F /* DiceTests.swift */,
				95DC79CC1FE0A2730062676F /* Info.plist */,
			);
			path = DiceTests;
			sourceTree = "<group>";
		};
		95DC79D41FE0A2730062676F /* DiceUITests */ = {
			isa = PBXGroup;
			children = (
				95DC79D51FE0A2730062676F /* DiceUITests.swift */,
				95DC79D71FE0A2730062676F /* Info.plist */,
			);
			path = DiceUITests;
			sourceTree = "<group>";
		};
/* End PBXGroup section */

/* Begin PBXNativeTarget section */
		95DC79B11FE0A2720062676F /* Dice */ = {
			isa = PBXNativeTarget;
			buildConfigurationList = 95DC79DA1FE0A2730062676F /* Build configuration list for PBXNativeTarget "Dice" */;
			buildPhases = (
				95DC79AE1FE0A2720062676F /* Sources */,
				95DC79AF1FE0A2720062676F /* Frameworks */,
				95DC79B01FE0A2720062676F /* Resources */,
			);
			buildRules = (
			);
			dependencies = (
			);
			name = Dice;
			productName = Dice;
			productReference = 95DC79B21FE0A2720062676F /* Dice.app */;
			productType = "com.apple.product-type.application";
		};
		95DC79C51FE0A2730062676F /* DiceTests */ = {
			isa = PBXNativeTarget;
			buildConfigurationList = 95DC79DD1FE0A2730062676F /* Build configuration list for PBXNativeTarget "DiceTests" */;
			buildPhases = (
				95DC79C21FE0A2730062676F /* Sources */,
				95DC79C31FE0A2730062676F /* Frameworks */,
				95DC79C41FE0A2730062676F /* Resources */,
			);
			buildRules = (
			);
			dependencies = (
				95DC79C81FE0A2730062676F /* PBXTargetDependency */,
			);
			name = DiceTests;
			productName = DiceTests;
			productReference = 95DC79C61FE0A2730062676F /* DiceTests.xctest */;
			productType = "com.apple.product-type.bundle.unit-test";
		};
		95DC79D01FE0A2730062676F /* DiceUITests */ = {
			isa = PBXNativeTarget;
			buildConfigurationList = 95DC79E01FE0A2730062676F /* Build configuration list for PBXNativeTarget "DiceUITests" */;
			buildPhases = (
				95DC79CD1FE0A2730062676F /* Sources */,
				95DC79CE1FE0A2730062676F /* Frameworks */,
				95DC79CF1FE0A2730062676F /* Resources */,
			);
			buildRules = (
			);
			dependencies = (
				95DC79D31FE0A2730062676F /* PBXTargetDependency */,
			);
			name = DiceUITests;
			productName = DiceUITests;
			productReference = 95DC79D11FE0A2730062676F /* DiceUITests.xctest */;
			productType = "com.apple.product-type.bundle.ui-testing";
		};
/* End PBXNativeTarget section */

/* Begin PBXProject section */
		95DC79AA1FE0A2720062676F /* Project object */ = {
			isa = PBXProject;
			attributes = {
				LastSwiftUpdateCheck = 0920;
				LastUpgradeCheck = 0920;
				ORGANIZATIONNAME = "julie kim";
				TargetAttributes = {
					95DC79B11FE0A2720062676F = {
						CreatedOnToolsVersion = 9.2;
						ProvisioningStyle = Automatic;
					};
					95DC79C51FE0A2730062676F = {
						CreatedOnToolsVersion = 9.2;
						ProvisioningStyle = Automatic;
						TestTargetID = 95DC79B11FE0A2720062676F;
					};
					95DC79D01FE0A2730062676F = {
						CreatedOnToolsVersion = 9.2;
						ProvisioningStyle = Automatic;
						TestTargetID = 95DC79B11FE0A2720062676F;
					};
				};
			};
			buildConfigurationList = 95DC79AD1FE0A2720062676F /* Build configuration list for PBXProject "Dice" */;
			compatibilityVersion = "Xcode 8.0";
			developmentRegion = en;
			hasScannedForEncodings = 0;
			knownRegions = (
				en,
				Base,
			);
			mainGroup = 95DC79A91FE0A2720062676F;
			productRefGroup = 95DC79B31FE0A2720062676F /* Products */;
			projectDirPath = "";
			projectRoot = "";
			targets = (
				95DC79B11FE0A2720062676F /* Dice */,
				95DC79C51FE0A2730062676F /* DiceTests */,
				95DC79D01FE0A2730062676F /* DiceUITests */,
			);
		};
/* End PBXProject section */

/* Begin PBXResourcesBuildPhase section */
		95DC79B01FE0A2720062676F /* Resources */ = {
			isa = PBXResourcesBuildPhase;
			buildActionMask = 2147483647;
			files = (
				95DC79C01FE0A2720062676F /* LaunchScreen.storyboard in Resources */,
				95DC79BD1FE0A2720062676F /* Assets.xcassets in Resources */,
				95DC79BB1FE0A2720062676F /* Main.storyboard in Resources */,
			);
			runOnlyForDeploymentPostprocessing = 0;
		};
		95DC79C41FE0A2730062676F /* Resources */ = {
			isa = PBXResourcesBuildPhase;
			buildActionMask = 2147483647;
			files = (
			);
			runOnlyForDeploymentPostprocessing = 0;
		};
		95DC79CF1FE0A2730062676F /* Resources */ = {
			isa = PBXResourcesBuildPhase;
			buildActionMask = 2147483647;
			files = (
			);
			runOnlyForDeploymentPostprocessing = 0;
		};
/* End PBXResourcesBuildPhase section */

/* Begin PBXSourcesBuildPhase section */
		95DC79AE1FE0A2720062676F /* Sources */ = {
			isa = PBXSourcesBuildPhase;
			buildActionMask = 2147483647;
			files = (
				95DC79B81FE0A2720062676F /* ViewController.swift in Sources */,
				95DC79B61FE0A2720062676F /* AppDelegate.swift in Sources */,
			);
			runOnlyForDeploymentPostprocessing = 0;
		};
		95DC79C21FE0A2730062676F /* Sources */ = {
			isa = PBXSourcesBuildPhase;
			buildActionMask = 2147483647;
			files = (
				95DC79CB1FE0A2730062676F /* DiceTests.swift in Sources */,
			);
			runOnlyForDeploymentPostprocessing = 0;
		};
		95DC79CD1FE0A2730062676F /* Sources */ = {
			isa = PBXSourcesBuildPhase;
			buildActionMask = 2147483647;
			files = (
				95DC79D61FE0A2730062676F /* DiceUITests.swift in Sources */,
			);
			runOnlyForDeploymentPostprocessing = 0;
		};
/* End PBXSourcesBuildPhase section */

/* Begin PBXTargetDependency section */
		95DC79C81FE0A2730062676F /* PBXTargetDependency */ = {
			isa = PBXTargetDependency;
			target = 95DC79B11FE0A2720062676F /* Dice */;
			targetProxy = 95DC79C71FE0A2730062676F /* PBXContainerItemProxy */;
		};
		95DC79D31FE0A2730062676F /* PBXTargetDependency */ = {
			isa = PBXTargetDependency;
			target = 95DC79B11FE0A2720062676F /* Dice */;
			targetProxy = 95DC79D21FE0A2730062676F /* PBXContainerItemProxy */;
		};
/* End PBXTargetDependency section */

/* Begin PBXVariantGroup section */
		95DC79B91FE0A2720062676F /* Main.storyboard */ = {
			isa = PBXVariantGroup;
			children = (
				95DC79BA1FE0A2720062676F /* Base */,
			);
			name = Main.storyboard;
			sourceTree = "<group>";
		};
		95DC79BE1FE0A2720062676F /* LaunchScreen.storyboard */ = {
			isa = PBXVariantGroup;
			children = (
				95DC79BF1FE0A2720062676F /* Base */,
			);
			name = LaunchScreen.storyboard;
			sourceTree = "<group>";
		};
/* End PBXVariantGroup section */

/* Begin XCBuildConfiguration section */
		95DC79D81FE0A2730062676F /* Debug */ = {
			isa = XCBuildConfiguration;
			buildSettings = {
				ALWAYS_SEARCH_USER_PATHS = NO;
				CLANG_ANALYZER_NONNULL = YES;
				CLANG_ANALYZER_NUMBER_OBJECT_CONVERSION = YES_AGGRESSIVE;
				CLANG_CXX_LANGUAGE_STANDARD = "gnu++14";
				CLANG_CXX_LIBRARY = "libc++";
				CLANG_ENABLE_MODULES = YES;
				CLANG_ENABLE_OBJC_ARC = YES;
				CLANG_WARN_BLOCK_CAPTURE_AUTORELEASING = YES;
				CLANG_WARN_BOOL_CONVERSION = YES;
				CLANG_WARN_COMMA = YES;
				CLANG_WARN_CONSTANT_CONVERSION = YES;
				CLANG_WARN_DIRECT_OBJC_ISA_USAGE = YES_ERROR;
				CLANG_WARN_DOCUMENTATION_COMMENTS = YES;
				CLANG_WARN_EMPTY_BODY = YES;
				CLANG_WARN_ENUM_CONVERSION = YES;
				CLANG_WARN_INFINITE_RECURSION = YES;
				CLANG_WARN_INT_CONVERSION = YES;
				CLANG_WARN_NON_LITERAL_NULL_CONVERSION = YES;
				CLANG_WARN_OBJC_LITERAL_CONVERSION = YES;
				CLANG_WARN_OBJC_ROOT_CLASS = YES_ERROR;
				CLANG_WARN_RANGE_LOOP_ANALYSIS = YES;
				CLANG_WARN_STRICT_PROTOTYPES = YES;
				CLANG_WARN_SUSPICIOUS_MOVE = YES;
				CLANG_WARN_UNGUARDED_AVAILABILITY = YES_AGGRESSIVE;
				CLANG_WARN_UNREACHABLE_CODE = YES;
				CLANG_WARN__DUPLICATE_METHOD_MATCH = YES;
				CODE_SIGN_IDENTITY = "iPhone Developer";
				COPY_PHASE_STRIP = NO;
				DEBUG_INFORMATION_FORMAT = dwarf;
				ENABLE_STRICT_OBJC_MSGSEND = YES;
				ENABLE_TESTABILITY = YES;
				GCC_C_LANGUAGE_STANDARD = gnu11;
				GCC_DYNAMIC_NO_PIC = NO;
				GCC_NO_COMMON_BLOCKS = YES;
				GCC_OPTIMIZATION_LEVEL = 0;
				GCC_PREPROCESSOR_DEFINITIONS = (
					"DEBUG=1",
					"$(inherited)",
				);
				GCC_WARN_64_TO_32_BIT_CONVERSION = YES;
				GCC_WARN_ABOUT_RETURN_TYPE = YES_ERROR;
				GCC_WARN_UNDECLARED_SELECTOR = YES;
				GCC_WARN_UNINITIALIZED_AUTOS = YES_AGGRESSIVE;
				GCC_WARN_UNUSED_FUNCTION = YES;
				GCC_WARN_UNUSED_VARIABLE = YES;
				IPHONEOS_DEPLOYMENT_TARGET = 11.2;
				MTL_ENABLE_DEBUG_INFO = YES;
				ONLY_ACTIVE_ARCH = YES;
				SDKROOT = iphoneos;
				SWIFT_ACTIVE_COMPILATION_CONDITIONS = DEBUG;
				SWIFT_OPTIMIZATION_LEVEL = "-Onone";
			};
			name = Debug;
		};
		95DC79D91FE0A2730062676F /* Release */ = {
			isa = XCBuildConfiguration;
			buildSettings = {
				ALWAYS_SEARCH_USER_PATHS = NO;
				CLANG_ANALYZER_NONNULL = YES;
				CLANG_ANALYZER_NUMBER_OBJECT_CONVERSION = YES_AGGRESSIVE;
				CLANG_CXX_LANGUAGE_STANDARD = "gnu++14";
				CLANG_CXX_LIBRARY = "libc++";
				CLANG_ENABLE_MODULES = YES;
				CLANG_ENABLE_OBJC_ARC = YES;
				CLANG_WARN_BLOCK_CAPTURE_AUTORELEASING = YES;
				CLANG_WARN_BOOL_CONVERSION = YES;
				CLANG_WARN_COMMA = YES;
				CLANG_WARN_CONSTANT_CONVERSION = YES;
				CLANG_WARN_DIRECT_OBJC_ISA_USAGE = YES_ERROR;
				CLANG_WARN_DOCUMENTATION_COMMENTS = YES;
				CLANG_WARN_EMPTY_BODY = YES;
				CLANG_WARN_ENUM_CONVERSION = YES;
				CLANG_WARN_INFINITE_RECURSION = YES;
				CLANG_WARN_INT_CONVERSION = YES;
				CLANG_WARN_NON_LITERAL_NULL_CONVERSION = YES;
				CLANG_WARN_OBJC_LITERAL_CONVERSION = YES;
				CLANG_WARN_OBJC_ROOT_CLASS = YES_ERROR;
				CLANG_WARN_RANGE_LOOP_ANALYSIS = YES;
				CLANG_WARN_STRICT_PROTOTYPES = YES;
				CLANG_WARN_SUSPICIOUS_MOVE = YES;
				CLANG_WARN_UNGUARDED_AVAILABILITY = YES_AGGRESSIVE;
				CLANG_WARN_UNREACHABLE_CODE = YES;
				CLANG_WARN__DUPLICATE_METHOD_MATCH = YES;
				CODE_SIGN_IDENTITY = "iPhone Developer";
				COPY_PHASE_STRIP = NO;
				DEBUG_INFORMATION_FORMAT = "dwarf-with-dsym";
				ENABLE_NS_ASSERTIONS = NO;
				ENABLE_STRICT_OBJC_MSGSEND = YES;
				GCC_C_LANGUAGE_STANDARD = gnu11;
				GCC_NO_COMMON_BLOCKS = YES;
				GCC_WARN_64_TO_32_BIT_CONVERSION = YES;
				GCC_WARN_ABOUT_RETURN_TYPE = YES_ERROR;
				GCC_WARN_UNDECLARED_SELECTOR = YES;
				GCC_WARN_UNINITIALIZED_AUTOS = YES_AGGRESSIVE;
				GCC_WARN_UNUSED_FUNCTION = YES;
				GCC_WARN_UNUSED_VARIABLE = YES;
				IPHONEOS_DEPLOYMENT_TARGET = 11.2;
				MTL_ENABLE_DEBUG_INFO = NO;
				SDKROOT = iphoneos;
				SWIFT_OPTIMIZATION_LEVEL = "-Owholemodule";
				VALIDATE_PRODUCT = YES;
			};
			name = Release;
		};
		95DC79DB1FE0A2730062676F /* Debug */ = {
			isa = XCBuildConfiguration;
			buildSettings = {
				ASSETCATALOG_COMPILER_APPICON_NAME = AppIcon;
				CODE_SIGN_STYLE = Automatic;
				DEVELOPMENT_TEAM = 7XE3J4SBAB;
				INFOPLIST_FILE = Dice/Info.plist;
				LD_RUNPATH_SEARCH_PATHS = "$(inherited) @executable_path/Frameworks";
				PRODUCT_BUNDLE_IDENTIFIER = jk.Dice;
				PRODUCT_NAME = "$(TARGET_NAME)";
				SWIFT_VERSION = 4.0;
				TARGETED_DEVICE_FAMILY = "1,2";
			};
			name = Debug;
		};
		95DC79DC1FE0A2730062676F /* Release */ = {
			isa = XCBuildConfiguration;
			buildSettings = {
				ASSETCATALOG_COMPILER_APPICON_NAME = AppIcon;
				CODE_SIGN_STYLE = Automatic;
				DEVELOPMENT_TEAM = 7XE3J4SBAB;
				INFOPLIST_FILE = Dice/Info.plist;
				LD_RUNPATH_SEARCH_PATHS = "$(inherited) @executable_path/Frameworks";
				PRODUCT_BUNDLE_IDENTIFIER = jk.Dice;
				PRODUCT_NAME = "$(TARGET_NAME)";
				SWIFT_VERSION = 4.0;
				TARGETED_DEVICE_FAMILY = "1,2";
			};
			name = Release;
		};
		95DC79DE1FE0A2730062676F /* Debug */ = {
			isa = XCBuildConfiguration;
			buildSettings = {
				ALWAYS_EMBED_SWIFT_STANDARD_LIBRARIES = YES;
				BUNDLE_LOADER = "$(TEST_HOST)";
				CODE_SIGN_STYLE = Automatic;
				DEVELOPMENT_TEAM = 7XE3J4SBAB;
				INFOPLIST_FILE = DiceTests/Info.plist;
				LD_RUNPATH_SEARCH_PATHS = "$(inherited) @executable_path/Frameworks @loader_path/Frameworks";
				PRODUCT_BUNDLE_IDENTIFIER = jk.DiceTests;
				PRODUCT_NAME = "$(TARGET_NAME)";
				SWIFT_VERSION = 4.0;
				TARGETED_DEVICE_FAMILY = "1,2";
				TEST_HOST = "$(BUILT_PRODUCTS_DIR)/Dice.app/Dice";
			};
			name = Debug;
		};
		95DC79DF1FE0A2730062676F /* Release */ = {
			isa = XCBuildConfiguration;
			buildSettings = {
				ALWAYS_EMBED_SWIFT_STANDARD_LIBRARIES = YES;
				BUNDLE_LOADER = "$(TEST_HOST)";
				CODE_SIGN_STYLE = Automatic;
				DEVELOPMENT_TEAM = 7XE3J4SBAB;
				INFOPLIST_FILE = DiceTests/Info.plist;
				LD_RUNPATH_SEARCH_PATHS = "$(inherited) @executable_path/Frameworks @loader_path/Frameworks";
				PRODUCT_BUNDLE_IDENTIFIER = jk.DiceTests;
				PRODUCT_NAME = "$(TARGET_NAME)";
				SWIFT_VERSION = 4.0;
				TARGETED_DEVICE_FAMILY = "1,2";
				TEST_HOST = "$(BUILT_PRODUCTS_DIR)/Dice.app/Dice";
			};
			name = Release;
		};
		95DC79E11FE0A2730062676F /* Debug */ = {
			isa = XCBuildConfiguration;
			buildSettings = {
				ALWAYS_EMBED_SWIFT_STANDARD_LIBRARIES = YES;
				CODE_SIGN_STYLE = Automatic;
				DEVELOPMENT_TEAM = 7XE3J4SBAB;
				INFOPLIST_FILE = DiceUITests/Info.plist;
				LD_RUNPATH_SEARCH_PATHS = "$(inherited) @executable_path/Frameworks @loader_path/Frameworks";
				PRODUCT_BUNDLE_IDENTIFIER = jk.DiceUITests;
				PRODUCT_NAME = "$(TARGET_NAME)";
				SWIFT_VERSION = 4.0;
				TARGETED_DEVICE_FAMILY = "1,2";
				TEST_TARGET_NAME = Dice;
			};
			name = Debug;
		};
		95DC79E21FE0A2730062676F /* Release */ = {
			isa = XCBuildConfiguration;
			buildSettings = {
				ALWAYS_EMBED_SWIFT_STANDARD_LIBRARIES = YES;
				CODE_SIGN_STYLE = Automatic;
				DEVELOPMENT_TEAM = 7XE3J4SBAB;
				INFOPLIST_FILE = DiceUITests/Info.plist;
				LD_RUNPATH_SEARCH_PATHS = "$(inherited) @executable_path/Frameworks @loader_path/Frameworks";
				PRODUCT_BUNDLE_IDENTIFIER = jk.DiceUITests;
				PRODUCT_NAME = "$(TARGET_NAME)";
				SWIFT_VERSION = 4.0;
				TARGETED_DEVICE_FAMILY = "1,2";
				TEST_TARGET_NAME = Dice;
			};
			name = Release;
		};
/* End XCBuildConfiguration section */

/* Begin XCConfigurationList section */
		95DC79AD1FE0A2720062676F /* Build configuration list for PBXProject "Dice" */ = {
			isa = XCConfigurationList;
			buildConfigurations = (
				95DC79D81FE0A2730062676F /* Debug */,
				95DC79D91FE0A2730062676F /* Release */,
			);
			defaultConfigurationIsVisible = 0;
			defaultConfigurationName = Release;
		};
		95DC79DA1FE0A2730062676F /* Build configuration list for PBXNativeTarget "Dice" */ = {
			isa = XCConfigurationList;
			buildConfigurations = (
				95DC79DB1FE0A2730062676F /* Debug */,
				95DC79DC1FE0A2730062676F /* Release */,
			);
			defaultConfigurationIsVisible = 0;
			defaultConfigurationName = Release;
		};
		95DC79DD1FE0A2730062676F /* Build configuration list for PBXNativeTarget "DiceTests" */ = {
			isa = XCConfigurationList;
			buildConfigurations = (
				95DC79DE1FE0A2730062676F /* Debug */,
				95DC79DF1FE0A2730062676F /* Release */,
			);
			defaultConfigurationIsVisible = 0;
			defaultConfigurationName = Release;
		};
		95DC79E01FE0A2730062676F /* Build configuration list for PBXNativeTarget "DiceUITests" */ = {
			isa = XCConfigurationList;
			buildConfigurations = (
				95DC79E11FE0A2730062676F /* Debug */,
				95DC79E21FE0A2730062676F /* Release */,
			);
			defaultConfigurationIsVisible = 0;
			defaultConfigurationName = Release;
		};
/* End XCConfigurationList section */
	};
	rootObject = 95DC79AA1FE0A2720062676F /* Project object */;
}
